
Microsoft Visual Studio Solution File, Format Version 12.00
# Visual Studio Version 17
VisualStudioVersion = 17.1.32328.378
MinimumVisualStudioVersion = 10.0.40219.1
Project("{FAE04EC0-301F-11D3-BF4B-00C04F79EFBC}") = "P_ConsoleApp1", "P_Invoke\ConsoleApp1\P_ConsoleApp1.csproj", "{B5CC0C13-C30C-4A0B-903F-4A0910E86AC9}"
EndProject
Project("{FAE04EC0-301F-11D3-BF4B-00C04F79EFBC}") = "P_WindowsFormsApp1", "P_Invoke\WindowsFormsApp1\P_WindowsFormsApp1.csproj", "{E70A6242-08E8-4079-9C08-AAE450BFADCA}"
EndProject
Project("{2150E333-8FDC-42A3-9474-1A3956D46DE8}") = "P_Invoke", "P_Invoke", "{5853B836-F440-48E8-A041-30F750357235}"
EndProject
Project("{2150E333-8FDC-42A3-9474-1A3956D46DE8}") = "Benchmark", "Benchmark", "{561D82F9-7DEF-4CF1-9D7E-12193D206C25}"
EndProject
Project("{FAE04EC0-301F-11D3-BF4B-00C04F79EFBC}") = "B_ConsoleApp4", "Benchmark\ConsoleApp4\B_ConsoleApp4.csproj", "{97B1598C-7882-4C0D-BF85-44BB49DBA40E}"
EndProject
Project("{FAE04EC0-301F-11D3-BF4B-00C04F79EFBC}") = "B_ConsoleApp452", "Benchmark\ConsoleApp452\B_ConsoleApp452.csproj", "{64401D95-936F-4243-9C54-C86F9CCB43F9}"
EndProject
Project("{FAE04EC0-301F-11D3-BF4B-00C04F79EFBC}") = "B_ConsoleApp462", "Benchmark\ConsoleApp462\B_ConsoleApp462.csproj", "{69F8151F-63E9-4CC4-A452-3DD04DB2BD5E}"
EndProject
Project("{FAE04EC0-301F-11D3-BF4B-00C04F79EFBC}") = "B_ConsoleApp472", "Benchmark\ConsoleApp472\B_ConsoleApp472.csproj", "{D5AE9DCD-C063-4DA1-98A4-807A27751981}"
EndProject
Project("{FAE04EC0-301F-11D3-BF4B-00C04F79EFBC}") = "B_ConsoleApp48", "Benchmark\BConsoleApp48\B_ConsoleApp48.csproj", "{5941A208-D371-43D0-8335-20E876B023B3}"
EndProject
Project("{9A19103F-16F7-4668-BE54-9A1E7A4F7556}") = "ConsoleApp6.0", "src\ConsoleApp6.0\ConsoleApp6.0.csproj", "{0B9EF306-53E7-4331-AE30-67D4B9A90033}"
EndProject
Project("{9A19103F-16F7-4668-BE54-9A1E7A4F7556}") = "B_ConsoleAppCore31", "Benchmark\B_ConsoleAppCore31\B_ConsoleAppCore31.csproj", "{AC0161C3-6A10-401A-A928-826A1C8A27AA}"
EndProject
Project("{9A19103F-16F7-4668-BE54-9A1E7A4F7556}") = "B_ConsoleApp60", "Benchmark\B_ConsoleApp60\B_ConsoleApp60.csproj", "{5EFD963F-5B6F-4107-976C-2F24BA7D4344}"
EndProject
Project("{9A19103F-16F7-4668-BE54-9A1E7A4F7556}") = "B_ConsoleAppCore21", "Benchmark\B_ConsoleAppCore21\B_ConsoleAppCore21.csproj", "{D83A1965-6275-430F-A94D-FAD5B8895AAC}"
EndProject
Project("{9A19103F-16F7-4668-BE54-9A1E7A4F7556}") = "B_ConsoleApp50", "Benchmark\B_ConsoleApp50\B_ConsoleApp50.csproj", "{52566B7C-AFB1-4449-B041-2175DB627C92}"
EndProject
Project("{2150E333-8FDC-42A3-9474-1A3956D46DE8}") = "Result", "Result", "{37FF0C1C-83BE-4C74-A2D1-EDDCDBC3E156}"
	ProjectSection(SolutionItems) = preProject
		Benchmark\Result\Report.html = Benchmark\Result\Report.html
		Benchmark\Result\result.json = Benchmark\Result\result.json
	EndProjectSection
EndProject
Project("{9A19103F-16F7-4668-BE54-9A1E7A4F7556}") = "B_ClassLibrary", "Benchmark\B_ClassLibrary\B_ClassLibrary.csproj", "{46829591-EDFE-4DF8-A704-0141CC7F2266}"
EndProject
Project("{2150E333-8FDC-42A3-9474-1A3956D46DE8}") = "misc", "misc", "{710EEB1B-C07D-4B1A-A59D-43985F05CFBA}"
	ProjectSection(SolutionItems) = preProject
		README.md = README.md
	EndProjectSection
EndProject
Global
	GlobalSection(SolutionConfigurationPlatforms) = preSolution
		Debug|Any CPU = Debug|Any CPU
		Debug|x86 = Debug|x86
		Release|Any CPU = Release|Any CPU
		Release|x86 = Release|x86
	EndGlobalSection
	GlobalSection(ProjectConfigurationPlatforms) = postSolution
		{B5CC0C13-C30C-4A0B-903F-4A0910E86AC9}.Debug|Any CPU.ActiveCfg = Debug|Any CPU
		{B5CC0C13-C30C-4A0B-903F-4A0910E86AC9}.Debug|Any CPU.Build.0 = Debug|Any CPU
		{B5CC0C13-C30C-4A0B-903F-4A0910E86AC9}.Debug|x86.ActiveCfg = Debug|x86
		{B5CC0C13-C30C-4A0B-903F-4A0910E86AC9}.Debug|x86.Build.0 = Debug|x86
		{B5CC0C13-C30C-4A0B-903F-4A0910E86AC9}.Release|Any CPU.ActiveCfg = Release|Any CPU
		{B5CC0C13-C30C-4A0B-903F-4A0910E86AC9}.Release|Any CPU.Build.0 = Release|Any CPU
		{B5CC0C13-C30C-4A0B-903F-4A0910E86AC9}.Release|x86.ActiveCfg = Release|x86
		{B5CC0C13-C30C-4A0B-903F-4A0910E86AC9}.Release|x86.Build.0 = Release|x86
		{E70A6242-08E8-4079-9C08-AAE450BFADCA}.Debug|Any CPU.ActiveCfg = Debug|Any CPU
		{E70A6242-08E8-4079-9C08-AAE450BFADCA}.Debug|Any CPU.Build.0 = Debug|Any CPU
		{E70A6242-08E8-4079-9C08-AAE450BFADCA}.Debug|x86.ActiveCfg = Debug|x86
		{E70A6242-08E8-4079-9C08-AAE450BFADCA}.Debug|x86.Build.0 = Debug|x86
		{E70A6242-08E8-4079-9C08-AAE450BFADCA}.Release|Any CPU.ActiveCfg = Release|Any CPU
		{E70A6242-08E8-4079-9C08-AAE450BFADCA}.Release|Any CPU.Build.0 = Release|Any CPU
		{E70A6242-08E8-4079-9C08-AAE450BFADCA}.Release|x86.ActiveCfg = Release|Any CPU
		{E70A6242-08E8-4079-9C08-AAE450BFADCA}.Release|x86.Build.0 = Release|Any CPU
		{97B1598C-7882-4C0D-BF85-44BB49DBA40E}.Debug|Any CPU.ActiveCfg = Debug|Any CPU
		{97B1598C-7882-4C0D-BF85-44BB49DBA40E}.Debug|Any CPU.Build.0 = Debug|Any CPU
		{97B1598C-7882-4C0D-BF85-44BB49DBA40E}.Debug|x86.ActiveCfg = Debug|Any CPU
		{97B1598C-7882-4C0D-BF85-44BB49DBA40E}.Debug|x86.Build.0 = Debug|Any CPU
		{97B1598C-7882-4C0D-BF85-44BB49DBA40E}.Release|Any CPU.ActiveCfg = Release|Any CPU
		{97B1598C-7882-4C0D-BF85-44BB49DBA40E}.Release|Any CPU.Build.0 = Release|Any CPU
		{97B1598C-7882-4C0D-BF85-44BB49DBA40E}.Release|x86.ActiveCfg = Release|Any CPU
		{97B1598C-7882-4C0D-BF85-44BB49DBA40E}.Release|x86.Build.0 = Release|Any CPU
		{64401D95-936F-4243-9C54-C86F9CCB43F9}.Debug|Any CPU.ActiveCfg = Debug|Any CPU
		{64401D95-936F-4243-9C54-C86F9CCB43F9}.Debug|Any CPU.Build.0 = Debug|Any CPU
		{64401D95-936F-4243-9C54-C86F9CCB43F9}.Debug|x86.ActiveCfg = Debug|Any CPU
		{64401D95-936F-4243-9C54-C86F9CCB43F9}.Debug|x86.Build.0 = Debug|Any CPU
		{64401D95-936F-4243-9C54-C86F9CCB43F9}.Release|Any CPU.ActiveCfg = Release|Any CPU
		{64401D95-936F-4243-9C54-C86F9CCB43F9}.Release|Any CPU.Build.0 = Release|Any CPU
		{64401D95-936F-4243-9C54-C86F9CCB43F9}.Release|x86.ActiveCfg = Release|Any CPU
		{64401D95-936F-4243-9C54-C86F9CCB43F9}.Release|x86.Build.0 = Release|Any CPU
		{69F8151F-63E9-4CC4-A452-3DD04DB2BD5E}.Debug|Any CPU.ActiveCfg = Debug|Any CPU
		{69F8151F-63E9-4CC4-A452-3DD04DB2BD5E}.Debug|Any CPU.Build.0 = Debug|Any CPU
		{69F8151F-63E9-4CC4-A452-3DD04DB2BD5E}.Debug|x86.ActiveCfg = Debug|Any CPU
		{69F8151F-63E9-4CC4-A452-3DD04DB2BD5E}.Debug|x86.Build.0 = Debug|Any CPU
		{69F8151F-63E9-4CC4-A452-3DD04DB2BD5E}.Release|Any CPU.ActiveCfg = Release|Any CPU
		{69F8151F-63E9-4CC4-A452-3DD04DB2BD5E}.Release|Any CPU.Build.0 = Release|Any CPU
		{69F8151F-63E9-4CC4-A452-3DD04DB2BD5E}.Release|x86.ActiveCfg = Release|Any CPU
		{69F8151F-63E9-4CC4-A452-3DD04DB2BD5E}.Release|x86.Build.0 = Release|Any CPU
		{D5AE9DCD-C063-4DA1-98A4-807A27751981}.Debug|Any CPU.ActiveCfg = Debug|Any CPU
		{D5AE9DCD-C063-4DA1-98A4-807A27751981}.Debug|Any CPU.Build.0 = Debug|Any CPU
		{D5AE9DCD-C063-4DA1-98A4-807A27751981}.Debug|x86.ActiveCfg = Debug|Any CPU
		{D5AE9DCD-C063-4DA1-98A4-807A27751981}.Debug|x86.Build.0 = Debug|Any CPU
		{D5AE9DCD-C063-4DA1-98A4-807A27751981}.Release|Any CPU.ActiveCfg = Release|Any CPU
		{D5AE9DCD-C063-4DA1-98A4-807A27751981}.Release|Any CPU.Build.0 = Release|Any CPU
		{D5AE9DCD-C063-4DA1-98A4-807A27751981}.Release|x86.ActiveCfg = Release|Any CPU
		{D5AE9DCD-C063-4DA1-98A4-807A27751981}.Release|x86.Build.0 = Release|Any CPU
		{5941A208-D371-43D0-8335-20E876B023B3}.Debug|Any CPU.ActiveCfg = Debug|Any CPU
		{5941A208-D371-43D0-8335-20E876B023B3}.Debug|Any CPU.Build.0 = Debug|Any CPU
		{5941A208-D371-43D0-8335-20E876B023B3}.Debug|x86.ActiveCfg = Debug|Any CPU
		{5941A208-D371-43D0-8335-20E876B023B3}.Debug|x86.Build.0 = Debug|Any CPU
		{5941A208-D371-43D0-8335-20E876B023B3}.Release|Any CPU.ActiveCfg = Release|Any CPU
		{5941A208-D371-43D0-8335-20E876B023B3}.Release|Any CPU.Build.0 = Release|Any CPU
		{5941A208-D371-43D0-8335-20E876B023B3}.Release|x86.ActiveCfg = Release|Any CPU
		{5941A208-D371-43D0-8335-20E876B023B3}.Release|x86.Build.0 = Release|Any CPU
		{0B9EF306-53E7-4331-AE30-67D4B9A90033}.Debug|Any CPU.ActiveCfg = Debug|Any CPU
		{0B9EF306-53E7-4331-AE30-67D4B9A90033}.Debug|Any CPU.Build.0 = Debug|Any CPU
		{0B9EF306-53E7-4331-AE30-67D4B9A90033}.Debug|x86.ActiveCfg = Debug|Any CPU
		{0B9EF306-53E7-4331-AE30-67D4B9A90033}.Debug|x86.Build.0 = Debug|Any CPU
		{0B9EF306-53E7-4331-AE30-67D4B9A90033}.Release|Any CPU.ActiveCfg = Release|Any CPU
		{0B9EF306-53E7-4331-AE30-67D4B9A90033}.Release|Any CPU.Build.0 = Release|Any CPU
		{0B9EF306-53E7-4331-AE30-67D4B9A90033}.Release|x86.ActiveCfg = Release|Any CPU
		{0B9EF306-53E7-4331-AE30-67D4B9A90033}.Release|x86.Build.0 = Release|Any CPU
		{AC0161C3-6A10-401A-A928-826A1C8A27AA}.Debug|Any CPU.ActiveCfg = Debug|Any CPU
		{AC0161C3-6A10-401A-A928-826A1C8A27AA}.Debug|Any CPU.Build.0 = Debug|Any CPU
		{AC0161C3-6A10-401A-A928-826A1C8A27AA}.Debug|x86.ActiveCfg = Debug|Any CPU
		{AC0161C3-6A10-401A-A928-826A1C8A27AA}.Debug|x86.Build.0 = Debug|Any CPU
		{AC0161C3-6A10-401A-A928-826A1C8A27AA}.Release|Any CPU.ActiveCfg = Release|Any CPU
		{AC0161C3-6A10-401A-A928-826A1C8A27AA}.Release|Any CPU.Build.0 = Release|Any CPU
		{AC0161C3-6A10-401A-A928-826A1C8A27AA}.Release|x86.ActiveCfg = Release|Any CPU
		{AC0161C3-6A10-401A-A928-826A1C8A27AA}.Release|x86.Build.0 = Release|Any CPU
		{5EFD963F-5B6F-4107-976C-2F24BA7D4344}.Debug|Any CPU.ActiveCfg = Debug|Any CPU
		{5EFD963F-5B6F-4107-976C-2F24BA7D4344}.Debug|Any CPU.Build.0 = Debug|Any CPU
		{5EFD963F-5B6F-4107-976C-2F24BA7D4344}.Debug|x86.ActiveCfg = Debug|Any CPU
		{5EFD963F-5B6F-4107-976C-2F24BA7D4344}.Debug|x86.Build.0 = Debug|Any CPU
		{5EFD963F-5B6F-4107-976C-2F24BA7D4344}.Release|Any CPU.ActiveCfg = Release|Any CPU
		{5EFD963F-5B6F-4107-976C-2F24BA7D4344}.Release|Any CPU.Build.0 = Release|Any CPU
		{5EFD963F-5B6F-4107-976C-2F24BA7D4344}.Release|x86.ActiveCfg = Release|Any CPU
		{5EFD963F-5B6F-4107-976C-2F24BA7D4344}.Release|x86.Build.0 = Release|Any CPU
		{D83A1965-6275-430F-A94D-FAD5B8895AAC}.Debug|Any CPU.ActiveCfg = Debug|Any CPU
		{D83A1965-6275-430F-A94D-FAD5B8895AAC}.Debug|Any CPU.Build.0 = Debug|Any CPU
		{D83A1965-6275-430F-A94D-FAD5B8895AAC}.Debug|x86.ActiveCfg = Debug|Any CPU
		{D83A1965-6275-430F-A94D-FAD5B8895AAC}.Debug|x86.Build.0 = Debug|Any CPU
		{D83A1965-6275-430F-A94D-FAD5B8895AAC}.Release|Any CPU.ActiveCfg = Release|Any CPU
		{D83A1965-6275-430F-A94D-FAD5B8895AAC}.Release|Any CPU.Build.0 = Release|Any CPU
		{D83A1965-6275-430F-A94D-FAD5B8895AAC}.Release|x86.ActiveCfg = Release|Any CPU
		{D83A1965-6275-430F-A94D-FAD5B8895AAC}.Release|x86.Build.0 = Release|Any CPU
		{52566B7C-AFB1-4449-B041-2175DB627C92}.Debug|Any CPU.ActiveCfg = Debug|Any CPU
		{52566B7C-AFB1-4449-B041-2175DB627C92}.Debug|Any CPU.Build.0 = Debug|Any CPU
		{52566B7C-AFB1-4449-B041-2175DB627C92}.Debug|x86.ActiveCfg = Debug|Any CPU
		{52566B7C-AFB1-4449-B041-2175DB627C92}.Debug|x86.Build.0 = Debug|Any CPU
		{52566B7C-AFB1-4449-B041-2175DB627C92}.Release|Any CPU.ActiveCfg = Release|Any CPU
		{52566B7C-AFB1-4449-B041-2175DB627C92}.Release|Any CPU.Build.0 = Release|Any CPU
		{52566B7C-AFB1-4449-B041-2175DB627C92}.Release|x86.ActiveCfg = Release|Any CPU
		{52566B7C-AFB1-4449-B041-2175DB627C92}.Release|x86.Build.0 = Release|Any CPU
		{46829591-EDFE-4DF8-A704-0141CC7F2266}.Debug|Any CPU.ActiveCfg = Debug|Any CPU
		{46829591-EDFE-4DF8-A704-0141CC7F2266}.Debug|Any CPU.Build.0 = Debug|Any CPU
		{46829591-EDFE-4DF8-A704-0141CC7F2266}.Debug|x86.ActiveCfg = Debug|Any CPU
		{46829591-EDFE-4DF8-A704-0141CC7F2266}.Debug|x86.Build.0 = Debug|Any CPU
		{46829591-EDFE-4DF8-A704-0141CC7F2266}.Release|Any CPU.ActiveCfg = Release|Any CPU
		{46829591-EDFE-4DF8-A704-0141CC7F2266}.Release|Any CPU.Build.0 = Release|Any CPU
		{46829591-EDFE-4DF8-A704-0141CC7F2266}.Release|x86.ActiveCfg = Release|Any CPU
		{46829591-EDFE-4DF8-A704-0141CC7F2266}.Release|x86.Build.0 = Release|Any CPU
	EndGlobalSection
	GlobalSection(SolutionProperties) = preSolution
		HideSolutionNode = FALSE
	EndGlobalSection
	GlobalSection(NestedProjects) = preSolution
		{B5CC0C13-C30C-4A0B-903F-4A0910E86AC9} = {5853B836-F440-48E8-A041-30F750357235}
		{E70A6242-08E8-4079-9C08-AAE450BFADCA} = {5853B836-F440-48E8-A041-30F750357235}
		{97B1598C-7882-4C0D-BF85-44BB49DBA40E} = {561D82F9-7DEF-4CF1-9D7E-12193D206C25}
		{64401D95-936F-4243-9C54-C86F9CCB43F9} = {561D82F9-7DEF-4CF1-9D7E-12193D206C25}
		{69F8151F-63E9-4CC4-A452-3DD04DB2BD5E} = {561D82F9-7DEF-4CF1-9D7E-12193D206C25}
		{D5AE9DCD-C063-4DA1-98A4-807A27751981} = {561D82F9-7DEF-4CF1-9D7E-12193D206C25}
		{5941A208-D371-43D0-8335-20E876B023B3} = {561D82F9-7DEF-4CF1-9D7E-12193D206C25}
		{AC0161C3-6A10-401A-A928-826A1C8A27AA} = {561D82F9-7DEF-4CF1-9D7E-12193D206C25}
		{5EFD963F-5B6F-4107-976C-2F24BA7D4344} = {561D82F9-7DEF-4CF1-9D7E-12193D206C25}
		{D83A1965-6275-430F-A94D-FAD5B8895AAC} = {561D82F9-7DEF-4CF1-9D7E-12193D206C25}
		{52566B7C-AFB1-4449-B041-2175DB627C92} = {561D82F9-7DEF-4CF1-9D7E-12193D206C25}
		{37FF0C1C-83BE-4C74-A2D1-EDDCDBC3E156} = {561D82F9-7DEF-4CF1-9D7E-12193D206C25}
		{46829591-EDFE-4DF8-A704-0141CC7F2266} = {561D82F9-7DEF-4CF1-9D7E-12193D206C25}
	EndGlobalSection
	GlobalSection(ExtensibilityGlobals) = postSolution
		SolutionGuid = {7210D3DC-8F24-4BC6-91A5-755CD6E5BE8B}
	EndGlobalSection
EndGlobal
